
Microsoft Visual Studio Solution File, Format Version 12.00
# Visual Studio Version 16
VisualStudioVersion = 16.0.30225.117
MinimumVisualStudioVersion = 10.0.40219.1
Project("{FAE04EC0-301F-11D3-BF4B-00C04F79EFBC}") = "sumofall", "sumofall\sumofall.csproj", "{C7E10BBC-FE0B-44D6-AC12-9CFDB4A3FB37}"
EndProject
Global
	GlobalSection(SolutionConfigurationPlatforms) = preSolution
		Debug|Any CPU = Debug|Any CPU
		Release|Any CPU = Release|Any CPU
	EndGlobalSection
	GlobalSection(ProjectConfigurationPlatforms) = postSolution
		{C7E10BBC-FE0B-44D6-AC12-9CFDB4A3FB37}.Debug|Any CPU.ActiveCfg = Debug|Any CPU
		{C7E10BBC-FE0B-44D6-AC12-9CFDB4A3FB37}.Debug|Any CPU.Build.0 = Debug|Any CPU
		{C7E10BBC-FE0B-44D6-AC12-9CFDB4A3FB37}.Release|Any CPU.ActiveCfg = Release|Any CPU
		{C7E10BBC-FE0B-44D6-AC12-9CFDB4A3FB37}.Release|Any CPU.Build.0 = Release|Any CPU
	EndGlobalSection
	GlobalSection(SolutionProperties) = preSolution
		HideSolutionNode = FALSE
	EndGlobalSection
	GlobalSection(ExtensibilityGlobals) = postSolution
		SolutionGuid = {9CCA6172-136D-4312-9B5F-8A6F3417FA13}
	EndGlobalSection
EndGlobal
